PODS:
  - Alamofire (4.8.2)
  - IVBezierPathRenderer (0.1.1)
  - PromiseKit (6.10.0):
    - PromiseKit/CorePromise (= 6.10.0)
    - PromiseKit/Foundation (= 6.10.0)
    - PromiseKit/UIKit (= 6.10.0)
  - PromiseKit/CorePromise (6.10.0)
  - PromiseKit/Foundation (6.10.0):
    - PromiseKit/CorePromise
  - PromiseKit/UIKit (6.10.0):
    - PromiseKit/CorePromise

DEPENDENCIES:
  - Alamofire
  - IVBezierPathRenderer
  - PromiseKit

SPEC REPOS:
  https://github.com/cocoapods/specs.git:
    - Alamofire
    - IVBezierPathRenderer
    - PromiseKit

SPEC CHECKSUMS:
  Alamofire: ae5c501addb7afdbb13687d7f2f722c78734c2d3
  IVBezierPathRenderer: bdc981ad18bb3acb2c9fce0120ecfe9d30e20172
  PromiseKit: 1fdaeb6c0a94a5114fcb814ff3d772b86886ad4e

PODFILE CHECKSUM: ad799c9ca5d632e59824ffe4663f79907cc7cb0f

COCOAPODS: 1.7.4
